// !$*UTF8*$!
{
	archiveVersion = 1;
	classes = {
	};
	objectVersion = 50;
	objects = {

/* Begin PBXBuildFile section */
		8408983A22AFFDBD003F7159 /* BookingViewController.swift in Sources */ = {isa = PBXBuildFile; fileRef = 8408983922AFFDBC003F7159 /* BookingViewController.swift */; };
		8408983C22B000AC003F7159 /* QRViewController.swift in Sources */ = {isa = PBXBuildFile; fileRef = 8408983B22B000AC003F7159 /* QRViewController.swift */; };
		840C7B4822A7E04B007AF28E /* AppDelegate.swift in Sources */ = {isa = PBXBuildFile; fileRef = 840C7B4722A7E04B007AF28E /* AppDelegate.swift */; };
		840C7B4A22A7E04B007AF28E /* ViewController.swift in Sources */ = {isa = PBXBuildFile; fileRef = 840C7B4922A7E04B007AF28E /* ViewController.swift */; };
		840C7B4D22A7E04B007AF28E /* Main.storyboard in Resources */ = {isa = PBXBuildFile; fileRef = 840C7B4B22A7E04B007AF28E /* Main.storyboard */; };
		840C7B5022A7E04B007AF28E /* weTravel.xcdatamodeld in Sources */ = {isa = PBXBuildFile; fileRef = 840C7B4E22A7E04B007AF28E /* weTravel.xcdatamodeld */; };
		840C7B5522A7E04E007AF28E /* LaunchScreen.storyboard in Resources */ = {isa = PBXBuildFile; fileRef = 840C7B5322A7E04E007AF28E /* LaunchScreen.storyboard */; };
		840C7B6022A7E04F007AF28E /* weTravelTests.swift in Sources */ = {isa = PBXBuildFile; fileRef = 840C7B5F22A7E04F007AF28E /* weTravelTests.swift */; };
		840C7B6B22A7E04F007AF28E /* weTravelUITests.swift in Sources */ = {isa = PBXBuildFile; fileRef = 840C7B6A22A7E04F007AF28E /* weTravelUITests.swift */; };
		840C7B7B22A7E408007AF28E /* APICallManager.swift in Sources */ = {isa = PBXBuildFile; fileRef = 840C7B7A22A7E408007AF28E /* APICallManager.swift */; };
		840C7B7D22A7E64D007AF28E /* City.swift in Sources */ = {isa = PBXBuildFile; fileRef = 840C7B7C22A7E64D007AF28E /* City.swift */; };
		840C7B8122A7F4FB007AF28E /* Assets.xcassets in Resources */ = {isa = PBXBuildFile; fileRef = 840C7B8022A7F4FB007AF28E /* Assets.xcassets */; };
		840C7CC722A7F69E007AF28E /* splash_background.png in Resources */ = {isa = PBXBuildFile; fileRef = 840C7CC622A7F69E007AF28E /* splash_background.png */; };
		840C7CC922A7F799007AF28E /* splash_logo.png in Resources */ = {isa = PBXBuildFile; fileRef = 840C7CC822A7F799007AF28E /* splash_logo.png */; };
		840C7CCC22A7FA0C007AF28E /* UserDefault.swift in Sources */ = {isa = PBXBuildFile; fileRef = 840C7CCB22A7FA0C007AF28E /* UserDefault.swift */; };
		840C7CCF22A8036B007AF28E /* LoginViewController.swift in Sources */ = {isa = PBXBuildFile; fileRef = 840C7CCE22A8036B007AF28E /* LoginViewController.swift */; };
		840C7CD122A805E7007AF28E /* HomeViewController.swift in Sources */ = {isa = PBXBuildFile; fileRef = 840C7CD022A805E7007AF28E /* HomeViewController.swift */; };
		840C7CD422A8063C007AF28E /* HomeStoryboard.storyboard in Resources */ = {isa = PBXBuildFile; fileRef = 840C7CD322A8063C007AF28E /* HomeStoryboard.storyboard */; };
		8413A7D522ABCC7C00BFD042 /* PackageService.swift in Sources */ = {isa = PBXBuildFile; fileRef = 8413A7D422ABCC7C00BFD042 /* PackageService.swift */; };
		8413A7D722ABCCD700BFD042 /* CityPackage.swift in Sources */ = {isa = PBXBuildFile; fileRef = 8413A7D622ABCCD700BFD042 /* CityPackage.swift */; };
		84173A2822B69E11003C78E4 /* BookPackage.swift in Sources */ = {isa = PBXBuildFile; fileRef = 84173A2722B69E11003C78E4 /* BookPackage.swift */; };
		8417548622AD39DB00E312BA /* mask.png in Resources */ = {isa = PBXBuildFile; fileRef = 8417548522AD39DB00E312BA /* mask.png */; };
		8417548822AD47BA00E312BA /* DetailsStoryboard.storyboard in Resources */ = {isa = PBXBuildFile; fileRef = 8417548722AD47B900E312BA /* DetailsStoryboard.storyboard */; };
		8417548A22AD47F600E312BA /* DetailsViewController.swift in Sources */ = {isa = PBXBuildFile; fileRef = 8417548922AD47F600E312BA /* DetailsViewController.swift */; };
		845FD2A522AA8BFD004A16A9 /* User.swift in Sources */ = {isa = PBXBuildFile; fileRef = 845FD2A422AA8BFD004A16A9 /* User.swift */; };
		845FD2A722AA8D2A004A16A9 /* UserService.swift in Sources */ = {isa = PBXBuildFile; fileRef = 845FD2A622AA8D2A004A16A9 /* UserService.swift */; };
		845FD2A922AA8E04004A16A9 /* ApiResponse.swift in Sources */ = {isa = PBXBuildFile; fileRef = 845FD2A822AA8E04004A16A9 /* ApiResponse.swift */; };
		845FD2AD22AAB4F8004A16A9 /* CityPackageViewController.swift in Sources */ = {isa = PBXBuildFile; fileRef = 845FD2AC22AAB4F8004A16A9 /* CityPackageViewController.swift */; };
		CEC30CF0BB516053357D5369 /* Pods_weTravel.framework in Frameworks */ = {isa = PBXBuildFile; fileRef = 93C18F57881DD261F3C39664 /* Pods_weTravel.framework */; };
/* End PBXBuildFile section */

/* Begin PBXContainerItemProxy section */
		840C7B5C22A7E04F007AF28E /* PBXContainerItemProxy */ = {
			isa = PBXContainerItemProxy;
			containerPortal = 840C7B3C22A7E04B007AF28E /* Project object */;
			proxyType = 1;
			remoteGlobalIDString = 840C7B4322A7E04B007AF28E;
			remoteInfo = weTravel;
		};
		840C7B6722A7E04F007AF28E /* PBXContainerItemProxy */ = {
			isa = PBXContainerItemProxy;
			containerPortal = 840C7B3C22A7E04B007AF28E /* Project object */;
			proxyType = 1;
			remoteGlobalIDString = 840C7B4322A7E04B007AF28E;
			remoteInfo = weTravel;
		};
/* End PBXContainerItemProxy section */

/* Begin PBXFileReference section */
		3E59476AFCDEF1687E2A9B20 /* Pods-weTravel.debug.xcconfig */ = {isa = PBXFileReference; includeInIndex = 1; lastKnownFileType = text.xcconfig; name = "Pods-weTravel.debug.xcconfig"; path = "Target Support Files/Pods-weTravel/Pods-weTravel.debug.xcconfig"; sourceTree = "<group>"; };
		8408983922AFFDBC003F7159 /* BookingViewController.swift */ = {isa = PBXFileReference; lastKnownFileType = sourcecode.swift; path = BookingViewController.swift; sourceTree = "<group>"; };
		8408983B22B000AC003F7159 /* QRViewController.swift */ = {isa = PBXFileReference; lastKnownFileType = sourcecode.swift; path = QRViewController.swift; sourceTree = "<group>"; };
		840C7B4422A7E04B007AF28E /* weTravel.app */ = {isa = PBXFileReference; explicitFileType = wrapper.application; includeInIndex = 0; path = weTravel.app; sourceTree = BUILT_PRODUCTS_DIR; };
		840C7B4722A7E04B007AF28E /* AppDelegate.swift */ = {isa = PBXFileReference; lastKnownFileType = sourcecode.swift; path = AppDelegate.swift; sourceTree = "<group>"; };
		840C7B4922A7E04B007AF28E /* ViewController.swift */ = {isa = PBXFileReference; lastKnownFileType = sourcecode.swift; path = ViewController.swift; sourceTree = "<group>"; };
		840C7B4C22A7E04B007AF28E /* Base */ = {isa = PBXFileReference; lastKnownFileType = file.storyboard; name = Base; path = Base.lproj/Main.storyboard; sourceTree = "<group>"; };
		840C7B4F22A7E04B007AF28E /* weTravel.xcdatamodel */ = {isa = PBXFileReference; lastKnownFileType = wrapper.xcdatamodel; path = weTravel.xcdatamodel; sourceTree = "<group>"; };
		840C7B5422A7E04E007AF28E /* Base */ = {isa = PBXFileReference; lastKnownFileType = file.storyboard; name = Base; path = Base.lproj/LaunchScreen.storyboard; sourceTree = "<group>"; };
		840C7B5622A7E04E007AF28E /* Info.plist */ = {isa = PBXFileReference; lastKnownFileType = text.plist.xml; path = Info.plist; sourceTree = "<group>"; };
		840C7B5B22A7E04F007AF28E /* weTravelTests.xctest */ = {isa = PBXFileReference; explicitFileType = wrapper.cfbundle; includeInIndex = 0; path = weTravelTests.xctest; sourceTree = BUILT_PRODUCTS_DIR; };
		840C7B5F22A7E04F007AF28E /* weTravelTests.swift */ = {isa = PBXFileReference; lastKnownFileType = sourcecode.swift; path = weTravelTests.swift; sourceTree = "<group>"; };
		840C7B6122A7E04F007AF28E /* Info.plist */ = {isa = PBXFileReference; lastKnownFileType = text.plist.xml; path = Info.plist; sourceTree = "<group>"; };
		840C7B6622A7E04F007AF28E /* weTravelUITests.xctest */ = {isa = PBXFileReference; explicitFileType = wrapper.cfbundle; includeInIndex = 0; path = weTravelUITests.xctest; sourceTree = BUILT_PRODUCTS_DIR; };
		840C7B6A22A7E04F007AF28E /* weTravelUITests.swift */ = {isa = PBXFileReference; lastKnownFileType = sourcecode.swift; path = weTravelUITests.swift; sourceTree = "<group>"; };
		840C7B6C22A7E04F007AF28E /* Info.plist */ = {isa = PBXFileReference; lastKnownFileType = text.plist.xml; path = Info.plist; sourceTree = "<group>"; };
		840C7B7A22A7E408007AF28E /* APICallManager.swift */ = {isa = PBXFileReference; lastKnownFileType = sourcecode.swift; path = APICallManager.swift; sourceTree = "<group>"; };
		840C7B7C22A7E64D007AF28E /* City.swift */ = {isa = PBXFileReference; lastKnownFileType = sourcecode.swift; path = City.swift; sourceTree = "<group>"; };
		840C7B8022A7F4FB007AF28E /* Assets.xcassets */ = {isa = PBXFileReference; lastKnownFileType = folder.assetcatalog; path = Assets.xcassets; sourceTree = "<group>"; };
		840C7CC622A7F69E007AF28E /* splash_background.png */ = {isa = PBXFileReference; lastKnownFileType = image.png; path = splash_background.png; sourceTree = "<group>"; };
		840C7CC822A7F799007AF28E /* splash_logo.png */ = {isa = PBXFileReference; lastKnownFileType = image.png; path = splash_logo.png; sourceTree = "<group>"; };
		840C7CCB22A7FA0C007AF28E /* UserDefault.swift */ = {isa = PBXFileReference; lastKnownFileType = sourcecode.swift; path = UserDefault.swift; sourceTree = "<group>"; };
		840C7CCE22A8036B007AF28E /* LoginViewController.swift */ = {isa = PBXFileReference; lastKnownFileType = sourcecode.swift; path = LoginViewController.swift; sourceTree = "<group>"; };
		840C7CD022A805E7007AF28E /* HomeViewController.swift */ = {isa = PBXFileReference; lastKnownFileType = sourcecode.swift; path = HomeViewController.swift; sourceTree = "<group>"; };
		840C7CD322A8063C007AF28E /* HomeStoryboard.storyboard */ = {isa = PBXFileReference; lastKnownFileType = file.storyboard; path = HomeStoryboard.storyboard; sourceTree = "<group>"; };
		8413A7D422ABCC7C00BFD042 /* PackageService.swift */ = {isa = PBXFileReference; lastKnownFileType = sourcecode.swift; path = PackageService.swift; sourceTree = "<group>"; };
		8413A7D622ABCCD700BFD042 /* CityPackage.swift */ = {isa = PBXFileReference; lastKnownFileType = sourcecode.swift; path = CityPackage.swift; sourceTree = "<group>"; };
		84173A2722B69E11003C78E4 /* BookPackage.swift */ = {isa = PBXFileReference; lastKnownFileType = sourcecode.swift; path = BookPackage.swift; sourceTree = "<group>"; };
		8417548522AD39DB00E312BA /* mask.png */ = {isa = PBXFileReference; lastKnownFileType = image.png; path = mask.png; sourceTree = "<group>"; };
		8417548722AD47B900E312BA /* DetailsStoryboard.storyboard */ = {isa = PBXFileReference; lastKnownFileType = file.storyboard; path = DetailsStoryboard.storyboard; sourceTree = "<group>"; };
		8417548922AD47F600E312BA /* DetailsViewController.swift */ = {isa = PBXFileReference; lastKnownFileType = sourcecode.swift; path = DetailsViewController.swift; sourceTree = "<group>"; };
		845FD2A422AA8BFD004A16A9 /* User.swift */ = {isa = PBXFileReference; lastKnownFileType = sourcecode.swift; path = User.swift; sourceTree = "<group>"; };
		845FD2A622AA8D2A004A16A9 /* UserService.swift */ = {isa = PBXFileReference; lastKnownFileType = sourcecode.swift; path = UserService.swift; sourceTree = "<group>"; };
		845FD2A822AA8E04004A16A9 /* ApiResponse.swift */ = {isa = PBXFileReference; lastKnownFileType = sourcecode.swift; path = ApiResponse.swift; sourceTree = "<group>"; };
		845FD2AC22AAB4F8004A16A9 /* CityPackageViewController.swift */ = {isa = PBXFileReference; lastKnownFileType = sourcecode.swift; path = CityPackageViewController.swift; sourceTree = "<group>"; };
		93C18F57881DD261F3C39664 /* Pods_weTravel.framework */ = {isa = PBXFileReference; explicitFileType = wrapper.framework; includeInIndex = 0; path = Pods_weTravel.framework; sourceTree = BUILT_PRODUCTS_DIR; };
		A4E9FE8CE482034FB5CC0AF7 /* Pods-weTravel.release.xcconfig */ = {isa = PBXFileReference; includeInIndex = 1; lastKnownFileType = text.xcconfig; name = "Pods-weTravel.release.xcconfig"; path = "Target Support Files/Pods-weTravel/Pods-weTravel.release.xcconfig"; sourceTree = "<group>"; };
/* End PBXFileReference section */

/* Begin PBXFrameworksBuildPhase section */
		840C7B4122A7E04B007AF28E /* Frameworks */ = {
			isa = PBXFrameworksBuildPhase;
			buildActionMask = 2147483647;
			files = (
				CEC30CF0BB516053357D5369 /* Pods_weTravel.framework in Frameworks */,
			);
			runOnlyForDeploymentPostprocessing = 0;
		};
		840C7B5822A7E04F007AF28E /* Frameworks */ = {
			isa = PBXFrameworksBuildPhase;
			buildActionMask = 2147483647;
			files = (
			);
			runOnlyForDeploymentPostprocessing = 0;
		};
		840C7B6322A7E04F007AF28E /* Frameworks */ = {
			isa = PBXFrameworksBuildPhase;
			buildActionMask = 2147483647;
			files = (
			);
			runOnlyForDeploymentPostprocessing = 0;
		};
/* End PBXFrameworksBuildPhase section */

/* Begin PBXGroup section */
		3563E9AA12949F801FD34118 /* Pods */ = {
			isa = PBXGroup;
			children = (
				3E59476AFCDEF1687E2A9B20 /* Pods-weTravel.debug.xcconfig */,
				A4E9FE8CE482034FB5CC0AF7 /* Pods-weTravel.release.xcconfig */,
			);
			path = Pods;
			sourceTree = "<group>";
		};
		4E5078BE11001DE342FD8EFE /* Frameworks */ = {
			isa = PBXGroup;
			children = (
				93C18F57881DD261F3C39664 /* Pods_weTravel.framework */,
			);
			name = Frameworks;
			sourceTree = "<group>";
		};
		840C7B3B22A7E04B007AF28E = {
			isa = PBXGroup;
			children = (
				840C7B4622A7E04B007AF28E /* weTravel */,
				840C7B5E22A7E04F007AF28E /* weTravelTests */,
				840C7B6922A7E04F007AF28E /* weTravelUITests */,
				840C7B4522A7E04B007AF28E /* Products */,
				3563E9AA12949F801FD34118 /* Pods */,
				4E5078BE11001DE342FD8EFE /* Frameworks */,
			);
			sourceTree = "<group>";
		};
		840C7B4522A7E04B007AF28E /* Products */ = {
			isa = PBXGroup;
			children = (
				840C7B4422A7E04B007AF28E /* weTravel.app */,
				840C7B5B22A7E04F007AF28E /* weTravelTests.xctest */,
				840C7B6622A7E04F007AF28E /* weTravelUITests.xctest */,
			);
			name = Products;
			sourceTree = "<group>";
		};
		840C7B4622A7E04B007AF28E /* weTravel */ = {
			isa = PBXGroup;
			children = (
				8417548522AD39DB00E312BA /* mask.png */,
				840C7CD222A80617007AF28E /* view */,
				840C7CCD22A80319007AF28E /* controller */,
				840C7CCA22A7F9EB007AF28E /* utilities */,
				840C7CC822A7F799007AF28E /* splash_logo.png */,
				840C7CC622A7F69E007AF28E /* splash_background.png */,
				840C7B8022A7F4FB007AF28E /* Assets.xcassets */,
				840C7B7922A7E3E0007AF28E /* APICallManager */,
				840C7B7822A7E1A2007AF28E /* model */,
				840C7B4722A7E04B007AF28E /* AppDelegate.swift */,
				840C7B4922A7E04B007AF28E /* ViewController.swift */,
				840C7B4B22A7E04B007AF28E /* Main.storyboard */,
				840C7B5322A7E04E007AF28E /* LaunchScreen.storyboard */,
				840C7B5622A7E04E007AF28E /* Info.plist */,
				840C7B4E22A7E04B007AF28E /* weTravel.xcdatamodeld */,
			);
			path = weTravel;
			sourceTree = "<group>";
		};
		840C7B5E22A7E04F007AF28E /* weTravelTests */ = {
			isa = PBXGroup;
			children = (
				840C7B5F22A7E04F007AF28E /* weTravelTests.swift */,
				840C7B6122A7E04F007AF28E /* Info.plist */,
			);
			path = weTravelTests;
			sourceTree = "<group>";
		};
		840C7B6922A7E04F007AF28E /* weTravelUITests */ = {
			isa = PBXGroup;
			children = (
				840C7B6A22A7E04F007AF28E /* weTravelUITests.swift */,
				840C7B6C22A7E04F007AF28E /* Info.plist */,
			);
			path = weTravelUITests;
			sourceTree = "<group>";
		};
		840C7B7822A7E1A2007AF28E /* model */ = {
			isa = PBXGroup;
			children = (
				840C7B7C22A7E64D007AF28E /* City.swift */,
				845FD2A422AA8BFD004A16A9 /* User.swift */,
				8413A7D622ABCCD700BFD042 /* CityPackage.swift */,
				84173A2722B69E11003C78E4 /* BookPackage.swift */,
			);
			path = model;
			sourceTree = "<group>";
		};
		840C7B7922A7E3E0007AF28E /* APICallManager */ = {
			isa = PBXGroup;
			children = (
				840C7B7A22A7E408007AF28E /* APICallManager.swift */,
				845FD2A622AA8D2A004A16A9 /* UserService.swift */,
				845FD2A822AA8E04004A16A9 /* ApiResponse.swift */,
				8413A7D422ABCC7C00BFD042 /* PackageService.swift */,
			);
			path = APICallManager;
			sourceTree = "<group>";
		};
		840C7CCA22A7F9EB007AF28E /* utilities */ = {
			isa = PBXGroup;
			children = (
				840C7CCB22A7FA0C007AF28E /* UserDefault.swift */,
			);
			path = utilities;
			sourceTree = "<group>";
		};
		840C7CCD22A80319007AF28E /* controller */ = {
			isa = PBXGroup;
			children = (
				840C7CCE22A8036B007AF28E /* LoginViewController.swift */,
				840C7CD022A805E7007AF28E /* HomeViewController.swift */,
				845FD2AC22AAB4F8004A16A9 /* CityPackageViewController.swift */,
				8417548922AD47F600E312BA /* DetailsViewController.swift */,
				8408983922AFFDBC003F7159 /* BookingViewController.swift */,
				8408983B22B000AC003F7159 /* QRViewController.swift */,
			);
			path = controller;
			sourceTree = "<group>";
		};
		840C7CD222A80617007AF28E /* view */ = {
			isa = PBXGroup;
			children = (
				840C7CD322A8063C007AF28E /* HomeStoryboard.storyboard */,
				8417548722AD47B900E312BA /* DetailsStoryboard.storyboard */,
			);
			path = view;
			sourceTree = "<group>";
		};
/* End PBXGroup section */

/* Begin PBXNativeTarget section */
		840C7B4322A7E04B007AF28E /* weTravel */ = {
			isa = PBXNativeTarget;
			buildConfigurationList = 840C7B6F22A7E04F007AF28E /* Build configuration list for PBXNativeTarget "weTravel" */;
			buildPhases = (
				D67CEE2EC0C96E5B6ED92D41 /* [CP] Check Pods Manifest.lock */,
				840C7B4022A7E04B007AF28E /* Sources */,
				840C7B4122A7E04B007AF28E /* Frameworks */,
				840C7B4222A7E04B007AF28E /* Resources */,
				FB654A9876380795AB3E0D9A /* [CP] Embed Pods Frameworks */,
			);
			buildRules = (
			);
			dependencies = (
			);
			name = weTravel;
			productName = weTravel;
			productReference = 840C7B4422A7E04B007AF28E /* weTravel.app */;
			productType = "com.apple.product-type.application";
		};
		840C7B5A22A7E04F007AF28E /* weTravelTests */ = {
			isa = PBXNativeTarget;
			buildConfigurationList = 840C7B7222A7E04F007AF28E /* Build configuration list for PBXNativeTarget "weTravelTests" */;
			buildPhases = (
				840C7B5722A7E04F007AF28E /* Sources */,
				840C7B5822A7E04F007AF28E /* Frameworks */,
				840C7B5922A7E04F007AF28E /* Resources */,
			);
			buildRules = (
			);
			dependencies = (
				840C7B5D22A7E04F007AF28E /* PBXTargetDependency */,
			);
			name = weTravelTests;
			productName = weTravelTests;
			productReference = 840C7B5B22A7E04F007AF28E /* weTravelTests.xctest */;
			productType = "com.apple.product-type.bundle.unit-test";
		};
		840C7B6522A7E04F007AF28E /* weTravelUITests */ = {
			isa = PBXNativeTarget;
			buildConfigurationList = 840C7B7522A7E04F007AF28E /* Build configuration list for PBXNativeTarget "weTravelUITests" */;
			buildPhases = (
				840C7B6222A7E04F007AF28E /* Sources */,
				840C7B6322A7E04F007AF28E /* Frameworks */,
				840C7B6422A7E04F007AF28E /* Resources */,
			);
			buildRules = (
			);
			dependencies = (
				840C7B6822A7E04F007AF28E /* PBXTargetDependency */,
			);
			name = weTravelUITests;
			productName = weTravelUITests;
			productReference = 840C7B6622A7E04F007AF28E /* weTravelUITests.xctest */;
			productType = "com.apple.product-type.bundle.ui-testing";
		};
/* End PBXNativeTarget section */

/* Begin PBXProject section */
		840C7B3C22A7E04B007AF28E /* Project object */ = {
			isa = PBXProject;
			attributes = {
				LastSwiftUpdateCheck = 1010;
				LastUpgradeCheck = 1010;
				ORGANIZATIONNAME = ITI;
				TargetAttributes = {
					840C7B4322A7E04B007AF28E = {
						CreatedOnToolsVersion = 10.1;
					};
					840C7B5A22A7E04F007AF28E = {
						CreatedOnToolsVersion = 10.1;
						TestTargetID = 840C7B4322A7E04B007AF28E;
					};
					840C7B6522A7E04F007AF28E = {
						CreatedOnToolsVersion = 10.1;
						TestTargetID = 840C7B4322A7E04B007AF28E;
					};
				};
			};
			buildConfigurationList = 840C7B3F22A7E04B007AF28E /* Build configuration list for PBXProject "weTravel" */;
			compatibilityVersion = "Xcode 9.3";
			developmentRegion = en;
			hasScannedForEncodings = 0;
			knownRegions = (
				en,
				Base,
			);
			mainGroup = 840C7B3B22A7E04B007AF28E;
			productRefGroup = 840C7B4522A7E04B007AF28E /* Products */;
			projectDirPath = "";
			projectRoot = "";
			targets = (
				840C7B4322A7E04B007AF28E /* weTravel */,
				840C7B5A22A7E04F007AF28E /* weTravelTests */,
				840C7B6522A7E04F007AF28E /* weTravelUITests */,
			);
		};
/* End PBXProject section */

/* Begin PBXResourcesBuildPhase section */
		840C7B4222A7E04B007AF28E /* Resources */ = {
			isa = PBXResourcesBuildPhase;
			buildActionMask = 2147483647;
			files = (
				8417548622AD39DB00E312BA /* mask.png in Resources */,
				840C7B5522A7E04E007AF28E /* LaunchScreen.storyboard in Resources */,
				8417548822AD47BA00E312BA /* DetailsStoryboard.storyboard in Resources */,
				840C7B8122A7F4FB007AF28E /* Assets.xcassets in Resources */,
				840C7CD422A8063C007AF28E /* HomeStoryboard.storyboard in Resources */,
				840C7CC722A7F69E007AF28E /* splash_background.png in Resources */,
				840C7B4D22A7E04B007AF28E /* Main.storyboard in Resources */,
				840C7CC922A7F799007AF28E /* splash_logo.png in Resources */,
			);
			runOnlyForDeploymentPostprocessing = 0;
		};
		840C7B5922A7E04F007AF28E /* Resources */ = {
			isa = PBXResourcesBuildPhase;
			buildActionMask = 2147483647;
			files = (
			);
			runOnlyForDeploymentPostprocessing = 0;
		};
		840C7B6422A7E04F007AF28E /* Resources */ = {
			isa = PBXResourcesBuildPhase;
			buildActionMask = 2147483647;
			files = (
			);
			runOnlyForDeploymentPostprocessing = 0;
		};
/* End PBXResourcesBuildPhase section */

/* Begin PBXShellScriptBuildPhase section */
		D67CEE2EC0C96E5B6ED92D41 /* [CP] Check Pods Manifest.lock */ = {
			isa = PBXShellScriptBuildPhase;
			buildActionMask = 2147483647;
			files = (
			);
			inputFileListPaths = (
			);
			inputPaths = (
				"${PODS_PODFILE_DIR_PATH}/Podfile.lock",
				"${PODS_ROOT}/Manifest.lock",
			);
			name = "[CP] Check Pods Manifest.lock";
			outputFileListPaths = (
			);
			outputPaths = (
				"$(DERIVED_FILE_DIR)/Pods-weTravel-checkManifestLockResult.txt",
			);
			runOnlyForDeploymentPostprocessing = 0;
			shellPath = /bin/sh;
			shellScript = "diff \"${PODS_PODFILE_DIR_PATH}/Podfile.lock\" \"${PODS_ROOT}/Manifest.lock\" > /dev/null\nif [ $? != 0 ] ; then\n    # print error to STDERR\n    echo \"error: The sandbox is not in sync with the Podfile.lock. Run 'pod install' or update your CocoaPods installation.\" >&2\n    exit 1\nfi\n# This output is used by Xcode 'outputs' to avoid re-running this script phase.\necho \"SUCCESS\" > \"${SCRIPT_OUTPUT_FILE_0}\"\n";
			showEnvVarsInLog = 0;
		};
		FB654A9876380795AB3E0D9A /* [CP] Embed Pods Frameworks */ = {
			isa = PBXShellScriptBuildPhase;
			buildActionMask = 2147483647;
			files = (
			);
			inputFileListPaths = (
			);
			inputPaths = (
				"${PODS_ROOT}/Target Support Files/Pods-weTravel/Pods-weTravel-frameworks.sh",
				"${BUILT_PRODUCTS_DIR}/Alamofire/Alamofire.framework",
				"${BUILT_PRODUCTS_DIR}/SwiftyJSON/SwiftyJSON.framework",
			);
			name = "[CP] Embed Pods Frameworks";
			outputFileListPaths = (
			);
			outputPaths = (
				"${TARGET_BUILD_DIR}/${FRAMEWORKS_FOLDER_PATH}/Alamofire.framework",
				"${TARGET_BUILD_DIR}/${FRAMEWORKS_FOLDER_PATH}/SwiftyJSON.framework",
			);
			runOnlyForDeploymentPostprocessing = 0;
			shellPath = /bin/sh;
			shellScript = "\"${PODS_ROOT}/Target Support Files/Pods-weTravel/Pods-weTravel-frameworks.sh\"\n";
			showEnvVarsInLog = 0;
		};
/* End PBXShellScriptBuildPhase section */

/* Begin PBXSourcesBuildPhase section */
		840C7B4022A7E04B007AF28E /* Sources */ = {
			isa = PBXSourcesBuildPhase;
			buildActionMask = 2147483647;
			files = (
				845FD2A922AA8E04004A16A9 /* ApiResponse.swift in Sources */,
				840C7CCF22A8036B007AF28E /* LoginViewController.swift in Sources */,
				8408983C22B000AC003F7159 /* QRViewController.swift in Sources */,
				84173A2822B69E11003C78E4 /* BookPackage.swift in Sources */,
				845FD2AD22AAB4F8004A16A9 /* CityPackageViewController.swift in Sources */,
				840C7B7D22A7E64D007AF28E /* City.swift in Sources */,
				840C7B4A22A7E04B007AF28E /* ViewController.swift in Sources */,
				840C7CD122A805E7007AF28E /* HomeViewController.swift in Sources */,
				840C7CCC22A7FA0C007AF28E /* UserDefault.swift in Sources */,
				8413A7D722ABCCD700BFD042 /* CityPackage.swift in Sources */,
				845FD2A522AA8BFD004A16A9 /* User.swift in Sources */,
				845FD2A722AA8D2A004A16A9 /* UserService.swift in Sources */,
				840C7B7B22A7E408007AF28E /* APICallManager.swift in Sources */,
				8413A7D522ABCC7C00BFD042 /* PackageService.swift in Sources */,
				840C7B5022A7E04B007AF28E /* weTravel.xcdatamodeld in Sources */,
				840C7B4822A7E04B007AF28E /* AppDelegate.swift in Sources */,
				8408983A22AFFDBD003F7159 /* BookingViewController.swift in Sources */,
				8417548A22AD47F600E312BA /* DetailsViewController.swift in Sources */,
			);
			runOnlyForDeploymentPostprocessing = 0;
		};
		840C7B5722A7E04F007AF28E /* Sources */ = {
			isa = PBXSourcesBuildPhase;
			buildActionMask = 2147483647;
			files = (
				840C7B6022A7E04F007AF28E /* weTravelTests.swift in Sources */,
			);
			runOnlyForDeploymentPostprocessing = 0;
		};
		840C7B6222A7E04F007AF28E /* Sources */ = {
			isa = PBXSourcesBuildPhase;
			buildActionMask = 2147483647;
			files = (
				840C7B6B22A7E04F007AF28E /* weTravelUITests.swift in Sources */,
			);
			runOnlyForDeploymentPostprocessing = 0;
		};
/* End PBXSourcesBuildPhase section */

/* Begin PBXTargetDependency section */
		840C7B5D22A7E04F007AF28E /* PBXTargetDependency */ = {
			isa = PBXTargetDependency;
			target = 840C7B4322A7E04B007AF28E /* weTravel */;
			targetProxy = 840C7B5C22A7E04F007AF28E /* PBXContainerItemProxy */;
		};
		840C7B6822A7E04F007AF28E /* PBXTargetDependency */ = {
			isa = PBXTargetDependency;
			target = 840C7B4322A7E04B007AF28E /* weTravel */;
			targetProxy = 840C7B6722A7E04F007AF28E /* PBXContainerItemProxy */;
		};
/* End PBXTargetDependency section */

/* Begin PBXVariantGroup section */
		840C7B4B22A7E04B007AF28E /* Main.storyboard */ = {
			isa = PBXVariantGroup;
			children = (
				840C7B4C22A7E04B007AF28E /* Base */,
			);
			name = Main.storyboard;
			sourceTree = "<group>";
		};
		840C7B5322A7E04E007AF28E /* LaunchScreen.storyboard */ = {
			isa = PBXVariantGroup;
			children = (
				840C7B5422A7E04E007AF28E /* Base */,
			);
			name = LaunchScreen.storyboard;
			sourceTree = "<group>";
		};
/* End PBXVariantGroup section */

/* Begin XCBuildConfiguration section */
		840C7B6D22A7E04F007AF28E /* Debug */ = {
			isa = XCBuildConfiguration;
			buildSettings = {
				ALWAYS_SEARCH_USER_PATHS = NO;
				CLANG_ANALYZER_NONNULL = YES;
				CLANG_ANALYZER_NUMBER_OBJECT_CONVERSION = YES_AGGRESSIVE;
				CLANG_CXX_LANGUAGE_STANDARD = "gnu++14";
				CLANG_CXX_LIBRARY = "libc++";
				CLANG_ENABLE_MODULES = YES;
				CLANG_ENABLE_OBJC_ARC = YES;
				CLANG_ENABLE_OBJC_WEAK = YES;
				CLANG_WARN_BLOCK_CAPTURE_AUTORELEASING = YES;
				CLANG_WARN_BOOL_CONVERSION = YES;
				CLANG_WARN_COMMA = YES;
				CLANG_WARN_CONSTANT_CONVERSION = YES;
				CLANG_WARN_DEPRECATED_OBJC_IMPLEMENTATIONS = YES;
				CLANG_WARN_DIRECT_OBJC_ISA_USAGE = YES_ERROR;
				CLANG_WARN_DOCUMENTATION_COMMENTS = YES;
				CLANG_WARN_EMPTY_BODY = YES;
				CLANG_WARN_ENUM_CONVERSION = YES;
				CLANG_WARN_INFINITE_RECURSION = YES;
				CLANG_WARN_INT_CONVERSION = YES;
				CLANG_WARN_NON_LITERAL_NULL_CONVERSION = YES;
				CLANG_WARN_OBJC_IMPLICIT_RETAIN_SELF = YES;
				CLANG_WARN_OBJC_LITERAL_CONVERSION = YES;
				CLANG_WARN_OBJC_ROOT_CLASS = YES_ERROR;
				CLANG_WARN_RANGE_LOOP_ANALYSIS = YES;
				CLANG_WARN_STRICT_PROTOTYPES = YES;
				CLANG_WARN_SUSPICIOUS_MOVE = YES;
				CLANG_WARN_UNGUARDED_AVAILABILITY = YES_AGGRESSIVE;
				CLANG_WARN_UNREACHABLE_CODE = YES;
				CLANG_WARN__DUPLICATE_METHOD_MATCH = YES;
				CODE_SIGN_IDENTITY = "iPhone Developer";
				COPY_PHASE_STRIP = NO;
				DEBUG_INFORMATION_FORMAT = dwarf;
				ENABLE_STRICT_OBJC_MSGSEND = YES;
				ENABLE_TESTABILITY = YES;
				GCC_C_LANGUAGE_STANDARD = gnu11;
				GCC_DYNAMIC_NO_PIC = NO;
				GCC_NO_COMMON_BLOCKS = YES;
				GCC_OPTIMIZATION_LEVEL = 0;
				GCC_PREPROCESSOR_DEFINITIONS = (
					"DEBUG=1",
					"$(inherited)",
				);
				GCC_WARN_64_TO_32_BIT_CONVERSION = YES;
				GCC_WARN_ABOUT_RETURN_TYPE = YES_ERROR;
				GCC_WARN_UNDECLARED_SELECTOR = YES;
				GCC_WARN_UNINITIALIZED_AUTOS = YES_AGGRESSIVE;
				GCC_WARN_UNUSED_FUNCTION = YES;
				GCC_WARN_UNUSED_VARIABLE = YES;
				IPHONEOS_DEPLOYMENT_TARGET = 12.1;
				MTL_ENABLE_DEBUG_INFO = INCLUDE_SOURCE;
				MTL_FAST_MATH = YES;
				ONLY_ACTIVE_ARCH = YES;
				SDKROOT = iphoneos;
				SWIFT_ACTIVE_COMPILATION_CONDITIONS = DEBUG;
				SWIFT_OPTIMIZATION_LEVEL = "-Onone";
			};
			name = Debug;
		};
		840C7B6E22A7E04F007AF28E /* Release */ = {
			isa = XCBuildConfiguration;
			buildSettings = {
				ALWAYS_SEARCH_USER_PATHS = NO;
				CLANG_ANALYZER_NONNULL = YES;
				CLANG_ANALYZER_NUMBER_OBJECT_CONVERSION = YES_AGGRESSIVE;
				CLANG_CXX_LANGUAGE_STANDARD = "gnu++14";
				CLANG_CXX_LIBRARY = "libc++";
				CLANG_ENABLE_MODULES = YES;
				CLANG_ENABLE_OBJC_ARC = YES;
				CLANG_ENABLE_OBJC_WEAK = YES;
				CLANG_WARN_BLOCK_CAPTURE_AUTORELEASING = YES;
				CLANG_WARN_BOOL_CONVERSION = YES;
				CLANG_WARN_COMMA = YES;
				CLANG_WARN_CONSTANT_CONVERSION = YES;
				CLANG_WARN_DEPRECATED_OBJC_IMPLEMENTATIONS = YES;
				CLANG_WARN_DIRECT_OBJC_ISA_USAGE = YES_ERROR;
				CLANG_WARN_DOCUMENTATION_COMMENTS = YES;
				CLANG_WARN_EMPTY_BODY = YES;
				CLANG_WARN_ENUM_CONVERSION = YES;
				CLANG_WARN_INFINITE_RECURSION = YES;
				CLANG_WARN_INT_CONVERSION = YES;
				CLANG_WARN_NON_LITERAL_NULL_CONVERSION = YES;
				CLANG_WARN_OBJC_IMPLICIT_RETAIN_SELF = YES;
				CLANG_WARN_OBJC_LITERAL_CONVERSION = YES;
				CLANG_WARN_OBJC_ROOT_CLASS = YES_ERROR;
				CLANG_WARN_RANGE_LOOP_ANALYSIS = YES;
				CLANG_WARN_STRICT_PROTOTYPES = YES;
				CLANG_WARN_SUSPICIOUS_MOVE = YES;
				CLANG_WARN_UNGUARDED_AVAILABILITY = YES_AGGRESSIVE;
				CLANG_WARN_UNREACHABLE_CODE = YES;
				CLANG_WARN__DUPLICATE_METHOD_MATCH = YES;
				CODE_SIGN_IDENTITY = "iPhone Developer";
				COPY_PHASE_STRIP = NO;
				DEBUG_INFORMATION_FORMAT = "dwarf-with-dsym";
				ENABLE_NS_ASSERTIONS = NO;
				ENABLE_STRICT_OBJC_MSGSEND = YES;
				GCC_C_LANGUAGE_STANDARD = gnu11;
				GCC_NO_COMMON_BLOCKS = YES;
				GCC_WARN_64_TO_32_BIT_CONVERSION = YES;
				GCC_WARN_ABOUT_RETURN_TYPE = YES_ERROR;
				GCC_WARN_UNDECLARED_SELECTOR = YES;
				GCC_WARN_UNINITIALIZED_AUTOS = YES_AGGRESSIVE;
				GCC_WARN_UNUSED_FUNCTION = YES;
				GCC_WARN_UNUSED_VARIABLE = YES;
				IPHONEOS_DEPLOYMENT_TARGET = 12.1;
				MTL_ENABLE_DEBUG_INFO = NO;
				MTL_FAST_MATH = YES;
				SDKROOT = iphoneos;
				SWIFT_COMPILATION_MODE = wholemodule;
				SWIFT_OPTIMIZATION_LEVEL = "-O";
				VALIDATE_PRODUCT = YES;
			};
			name = Release;
		};
		840C7B7022A7E04F007AF28E /* Debug */ = {
			isa = XCBuildConfiguration;
			baseConfigurationReference = 3E59476AFCDEF1687E2A9B20 /* Pods-weTravel.debug.xcconfig */;
			buildSettings = {
				ASSETCATALOG_COMPILER_APPICON_NAME = AppIcon;
				CODE_SIGN_STYLE = Automatic;
				INFOPLIST_FILE = weTravel/Info.plist;
				LD_RUNPATH_SEARCH_PATHS = (
					"$(inherited)",
					"@executable_path/Frameworks",
				);
				PRODUCT_BUNDLE_IDENTIFIER = ITIITI.weTravel;
				PRODUCT_NAME = "$(TARGET_NAME)";
				SWIFT_VERSION = 4.2;
				TARGETED_DEVICE_FAMILY = "1,2";
			};
			name = Debug;
		};
		840C7B7122A7E04F007AF28E /* Release */ = {
			isa = XCBuildConfiguration;
			baseConfigurationReference = A4E9FE8CE482034FB5CC0AF7 /* Pods-weTravel.release.xcconfig */;
			buildSettings = {
				ASSETCATALOG_COMPILER_APPICON_NAME = AppIcon;
				CODE_SIGN_STYLE = Automatic;
				INFOPLIST_FILE = weTravel/Info.plist;
				LD_RUNPATH_SEARCH_PATHS = (
					"$(inherited)",
					"@executable_path/Frameworks",
				);
				PRODUCT_BUNDLE_IDENTIFIER = ITIITI.weTravel;
				PRODUCT_NAME = "$(TARGET_NAME)";
				SWIFT_VERSION = 4.2;
				TARGETED_DEVICE_FAMILY = "1,2";
			};
			name = Release;
		};
		840C7B7322A7E04F007AF28E /* Debug */ = {
			isa = XCBuildConfiguration;
			buildSettings = {
				ALWAYS_EMBED_SWIFT_STANDARD_LIBRARIES = YES;
				BUNDLE_LOADER = "$(TEST_HOST)";
				CODE_SIGN_STYLE = Automatic;
				INFOPLIST_FILE = weTravelTests/Info.plist;
				LD_RUNPATH_SEARCH_PATHS = (
					"$(inherited)",
					"@executable_path/Frameworks",
					"@loader_path/Frameworks",
				);
				PRODUCT_BUNDLE_IDENTIFIER = ITIITI.weTravelTests;
				PRODUCT_NAME = "$(TARGET_NAME)";
				SWIFT_VERSION = 4.2;
				TARGETED_DEVICE_FAMILY = "1,2";
				TEST_HOST = "$(BUILT_PRODUCTS_DIR)/weTravel.app/weTravel";
			};
			name = Debug;
		};
		840C7B7422A7E04F007AF28E /* Release */ = {
			isa = XCBuildConfiguration;
			buildSettings = {
				ALWAYS_EMBED_SWIFT_STANDARD_LIBRARIES = YES;
				BUNDLE_LOADER = "$(TEST_HOST)";
				CODE_SIGN_STYLE = Automatic;
				INFOPLIST_FILE = weTravelTests/Info.plist;
				LD_RUNPATH_SEARCH_PATHS = (
					"$(inherited)",
					"@executable_path/Frameworks",
					"@loader_path/Frameworks",
				);
				PRODUCT_BUNDLE_IDENTIFIER = ITIITI.weTravelTests;
				PRODUCT_NAME = "$(TARGET_NAME)";
				SWIFT_VERSION = 4.2;
				TARGETED_DEVICE_FAMILY = "1,2";
				TEST_HOST = "$(BUILT_PRODUCTS_DIR)/weTravel.app/weTravel";
			};
			name = Release;
		};
		840C7B7622A7E04F007AF28E /* Debug */ = {
			isa = XCBuildConfiguration;
			buildSettings = {
				ALWAYS_EMBED_SWIFT_STANDARD_LIBRARIES = YES;
				CODE_SIGN_STYLE = Automatic;
				INFOPLIST_FILE = weTravelUITests/Info.plist;
				LD_RUNPATH_SEARCH_PATHS = (
					"$(inherited)",
					"@executable_path/Frameworks",
					"@loader_path/Frameworks",
				);
				PRODUCT_BUNDLE_IDENTIFIER = ITIITI.weTravelUITests;
				PRODUCT_NAME = "$(TARGET_NAME)";
				SWIFT_VERSION = 4.2;
				TARGETED_DEVICE_FAMILY = "1,2";
				TEST_TARGET_NAME = weTravel;
			};
			name = Debug;
		};
		840C7B7722A7E04F007AF28E /* Release */ = {
			isa = XCBuildConfiguration;
			buildSettings = {
				ALWAYS_EMBED_SWIFT_STANDARD_LIBRARIES = YES;
				CODE_SIGN_STYLE = Automatic;
				INFOPLIST_FILE = weTravelUITests/Info.plist;
				LD_RUNPATH_SEARCH_PATHS = (
					"$(inherited)",
					"@executable_path/Frameworks",
					"@loader_path/Frameworks",
				);
				PRODUCT_BUNDLE_IDENTIFIER = ITIITI.weTravelUITests;
				PRODUCT_NAME = "$(TARGET_NAME)";
				SWIFT_VERSION = 4.2;
				TARGETED_DEVICE_FAMILY = "1,2";
				TEST_TARGET_NAME = weTravel;
			};
			name = Release;
		};
/* End XCBuildConfiguration section */

/* Begin XCConfigurationList section */
		840C7B3F22A7E04B007AF28E /* Build configuration list for PBXProject "weTravel" */ = {
			isa = XCConfigurationList;
			buildConfigurations = (
				840C7B6D22A7E04F007AF28E /* Debug */,
				840C7B6E22A7E04F007AF28E /* Release */,
			);
			defaultConfigurationIsVisible = 0;
			defaultConfigurationName = Release;
		};
		840C7B6F22A7E04F007AF28E /* Build configuration list for PBXNativeTarget "weTravel" */ = {
			isa = XCConfigurationList;
			buildConfigurations = (
				840C7B7022A7E04F007AF28E /* Debug */,
				840C7B7122A7E04F007AF28E /* Release */,
			);
			defaultConfigurationIsVisible = 0;
			defaultConfigurationName = Release;
		};
		840C7B7222A7E04F007AF28E /* Build configuration list for PBXNativeTarget "weTravelTests" */ = {
			isa = XCConfigurationList;
			buildConfigurations = (
				840C7B7322A7E04F007AF28E /* Debug */,
				840C7B7422A7E04F007AF28E /* Release */,
			);
			defaultConfigurationIsVisible = 0;
			defaultConfigurationName = Release;
		};
		840C7B7522A7E04F007AF28E /* Build configuration list for PBXNativeTarget "weTravelUITests" */ = {
			isa = XCConfigurationList;
			buildConfigurations = (
				840C7B7622A7E04F007AF28E /* Debug */,
				840C7B7722A7E04F007AF28E /* Release */,
			);
			defaultConfigurationIsVisible = 0;
			defaultConfigurationName = Release;
		};
/* End XCConfigurationList section */

/* Begin XCVersionGroup section */
		840C7B4E22A7E04B007AF28E /* weTravel.xcdatamodeld */ = {
			isa = XCVersionGroup;
			children = (
				840C7B4F22A7E04B007AF28E /* weTravel.xcdatamodel */,
			);
			currentVersion = 840C7B4F22A7E04B007AF28E /* weTravel.xcdatamodel */;
			path = weTravel.xcdatamodeld;
			sourceTree = "<group>";
			versionGroupType = wrapper.xcdatamodel;
		};
/* End XCVersionGroup section */
	};
	rootObject = 840C7B3C22A7E04B007AF28E /* Project object */;
}
